PODS:
  - RxCocoa (3.4.0):
    - RxSwift (~> 3.4)
  - RxDataSources (1.0.3):
    - RxCocoa (~> 3.0)
    - RxSwift (~> 3.0)
  - RxSwift (3.4.0)

DEPENDENCIES:
  - RxCocoa
  - RxDataSources
  - RxSwift

SPEC CHECKSUMS:
  RxCocoa: d14ef6b6029e1ddc6e966508c09289090de68ff9
  RxDataSources: a021a0e944ba5f7991259829d973afdbfa719c0b
  RxSwift: 3789a1af753002a14edecdb698a2424624296a9c

PODFILE CHECKSUM: ae591360e2e73b31c2c3c098aee4fa6b8dcbc34b

COCOAPODS: 1.2.0.beta.3
